
Microsoft Visual Studio Solution File, Format Version 12.00
# Visual Studio Version 17
VisualStudioVersion = 17.10.35013.160
MinimumVisualStudioVersion = 10.0.40219.1
Project("{FAE04EC0-301F-11D3-BF4B-00C04F79EFBC}") = "FamilySchedule", "FamilySchedule\FamilySchedule.csproj", "{253A8D6E-BDFA-458E-9C5D-21A83F0AD59D}"
EndProject
Global
	GlobalSection(SolutionConfigurationPlatforms) = preSolution
		Debug|Any CPU = Debug|Any CPU
		Release|Any CPU = Release|Any CPU
	EndGlobalSection
	GlobalSection(ProjectConfigurationPlatforms) = postSolution
		{253A8D6E-BDFA-458E-9C5D-21A83F0AD59D}.Debug|Any CPU.ActiveCfg = Debug|Any CPU
		{253A8D6E-BDFA-458E-9C5D-21A83F0AD59D}.Debug|Any CPU.Build.0 = Debug|Any CPU
		{253A8D6E-BDFA-458E-9C5D-21A83F0AD59D}.Release|Any CPU.ActiveCfg = Release|Any CPU
		{253A8D6E-BDFA-458E-9C5D-21A83F0AD59D}.Release|Any CPU.Build.0 = Release|Any CPU
	EndGlobalSection
	GlobalSection(SolutionProperties) = preSolution
		HideSolutionNode = FALSE
	EndGlobalSection
	GlobalSection(ExtensibilityGlobals) = postSolution
		SolutionGuid = {C8D75CC7-54CF-4E0E-BCA6-F0255F16326D}
	EndGlobalSection
EndGlobal
